
Microsoft Visual Studio Solution File, Format Version 12.00
# Visual Studio Version 17
VisualStudioVersion = 17.9.34526.213
MinimumVisualStudioVersion = 10.0.40219.1
Project("{FAE04EC0-301F-11D3-BF4B-00C04F79EFBC}") = "ScannerControlMAUISampleApp", "ScannerControlMAUISampleApp.csproj", "{E6D12815-3E91-4551-A382-69842097CA31}"
EndProject
Project("{FAE04EC0-301F-11D3-BF4B-00C04F79EFBC}") = "ScannerControlMAUIApp.Core", "..\ScannerControlMAUIApp.Core\ScannerControlMAUIApp.Core.csproj", "{D6E4EAD0-C59A-4C96-AD26-F7A60FD01D12}"
EndProject
Global
	GlobalSection(SolutionConfigurationPlatforms) = preSolution
		Debug|Any CPU = Debug|Any CPU
		Release|Any CPU = Release|Any CPU
	EndGlobalSection
	GlobalSection(ProjectConfigurationPlatforms) = postSolution
		{E6D12815-3E91-4551-A382-69842097CA31}.Debug|Any CPU.ActiveCfg = Debug|Any CPU
		{E6D12815-3E91-4551-A382-69842097CA31}.Debug|Any CPU.Build.0 = Debug|Any CPU
		{E6D12815-3E91-4551-A382-69842097CA31}.Debug|Any CPU.Deploy.0 = Debug|Any CPU
		{E6D12815-3E91-4551-A382-69842097CA31}.Release|Any CPU.ActiveCfg = Release|Any CPU
		{E6D12815-3E91-4551-A382-69842097CA31}.Release|Any CPU.Build.0 = Release|Any CPU
		{E6D12815-3E91-4551-A382-69842097CA31}.Release|Any CPU.Deploy.0 = Release|Any CPU
		{D6E4EAD0-C59A-4C96-AD26-F7A60FD01D12}.Debug|Any CPU.ActiveCfg = Debug|Any CPU
		{D6E4EAD0-C59A-4C96-AD26-F7A60FD01D12}.Debug|Any CPU.Build.0 = Debug|Any CPU
		{D6E4EAD0-C59A-4C96-AD26-F7A60FD01D12}.Debug|Any CPU.Deploy.0 = Debug|Any CPU
		{D6E4EAD0-C59A-4C96-AD26-F7A60FD01D12}.Release|Any CPU.ActiveCfg = Release|Any CPU
		{D6E4EAD0-C59A-4C96-AD26-F7A60FD01D12}.Release|Any CPU.Build.0 = Release|Any CPU
		{D6E4EAD0-C59A-4C96-AD26-F7A60FD01D12}.Release|Any CPU.Deploy.0 = Release|Any CPU
	EndGlobalSection
	GlobalSection(SolutionProperties) = preSolution
		HideSolutionNode = FALSE
	EndGlobalSection
	GlobalSection(ExtensibilityGlobals) = postSolution
		SolutionGuid = {73EFA246-E12A-4B69-AEDE-C42BB04A8167}
	EndGlobalSection
EndGlobal
